
Microsoft Visual Studio Solution File, Format Version 12.00
# Visual Studio Version 16
VisualStudioVersion = 16.0.29020.237
MinimumVisualStudioVersion = 10.0.40219.1
Project("{FAE04EC0-301F-11D3-BF4B-00C04F79EFBC}") = "MovieHachiTool", "MovieHachiTool\MovieHachiTool.csproj", "{B381E970-210A-4D61-B13A-942253C21B97}"
EndProject
Global
	GlobalSection(SolutionConfigurationPlatforms) = preSolution
		Debug|Any CPU = Debug|Any CPU
		Release|Any CPU = Release|Any CPU
	EndGlobalSection
	GlobalSection(ProjectConfigurationPlatforms) = postSolution
		{B381E970-210A-4D61-B13A-942253C21B97}.Debug|Any CPU.ActiveCfg = Debug|Any CPU
		{B381E970-210A-4D61-B13A-942253C21B97}.Debug|Any CPU.Build.0 = Debug|Any CPU
		{B381E970-210A-4D61-B13A-942253C21B97}.Release|Any CPU.ActiveCfg = Release|Any CPU
		{B381E970-210A-4D61-B13A-942253C21B97}.Release|Any CPU.Build.0 = Release|Any CPU
	EndGlobalSection
	GlobalSection(SolutionProperties) = preSolution
		HideSolutionNode = FALSE
	EndGlobalSection
	GlobalSection(ExtensibilityGlobals) = postSolution
		SolutionGuid = {70B4562C-B622-4890-8FCC-B7916660D53C}
	EndGlobalSection
EndGlobal
